
Microsoft Visual Studio Solution File, Format Version 12.00
# Visual Studio Version 17
VisualStudioVersion = 17.4.33122.133
MinimumVisualStudioVersion = 10.0.40219.1
Project("{9A19103F-16F7-4668-BE54-9A1E7A4F7556}") = "Stage0", "Stage0\Stage0.csproj", "{08BCAF89-44AA-45FE-A5C1-713AC1F4E9D7}"
EndProject
Project("{2150E333-8FDC-42A3-9474-1A3956D46DE8}") = "Solution Items", "Solution Items", "{9E23A2AE-A043-41F0-ACA7-A8F2943FCDDF}"
	ProjectSection(SolutionItems) = preProject
		README.md = README.md
	EndProjectSection
EndProject
Project("{FAE04EC0-301F-11D3-BF4B-00C04F79EFBC}") = "DalFacade", "DalFacade\DalFacade.csproj", "{64598C91-FF20-45A1-8277-C596437271BF}"
EndProject
Project("{FAE04EC0-301F-11D3-BF4B-00C04F79EFBC}") = "DalList", "DalList\DalList.csproj", "{D333308F-46B8-4A97-A6B0-518C693BACF6}"
EndProject
Project("{FAE04EC0-301F-11D3-BF4B-00C04F79EFBC}") = "DalTest", "DalTest\DalTest.csproj", "{F6A48FB3-81B2-4D6C-8BFF-83A60F9B4215}"
EndProject
Global
	GlobalSection(SolutionConfigurationPlatforms) = preSolution
		Debug|Any CPU = Debug|Any CPU
		Release|Any CPU = Release|Any CPU
	EndGlobalSection
	GlobalSection(ProjectConfigurationPlatforms) = postSolution
		{08BCAF89-44AA-45FE-A5C1-713AC1F4E9D7}.Debug|Any CPU.ActiveCfg = Debug|Any CPU
		{08BCAF89-44AA-45FE-A5C1-713AC1F4E9D7}.Debug|Any CPU.Build.0 = Debug|Any CPU
		{08BCAF89-44AA-45FE-A5C1-713AC1F4E9D7}.Release|Any CPU.ActiveCfg = Release|Any CPU
		{08BCAF89-44AA-45FE-A5C1-713AC1F4E9D7}.Release|Any CPU.Build.0 = Release|Any CPU
		{64598C91-FF20-45A1-8277-C596437271BF}.Debug|Any CPU.ActiveCfg = Debug|Any CPU
		{64598C91-FF20-45A1-8277-C596437271BF}.Debug|Any CPU.Build.0 = Debug|Any CPU
		{64598C91-FF20-45A1-8277-C596437271BF}.Release|Any CPU.ActiveCfg = Release|Any CPU
		{64598C91-FF20-45A1-8277-C596437271BF}.Release|Any CPU.Build.0 = Release|Any CPU
		{D333308F-46B8-4A97-A6B0-518C693BACF6}.Debug|Any CPU.ActiveCfg = Debug|Any CPU
		{D333308F-46B8-4A97-A6B0-518C693BACF6}.Debug|Any CPU.Build.0 = Debug|Any CPU
		{D333308F-46B8-4A97-A6B0-518C693BACF6}.Release|Any CPU.ActiveCfg = Release|Any CPU
		{D333308F-46B8-4A97-A6B0-518C693BACF6}.Release|Any CPU.Build.0 = Release|Any CPU
		{F6A48FB3-81B2-4D6C-8BFF-83A60F9B4215}.Debug|Any CPU.ActiveCfg = Debug|Any CPU
		{F6A48FB3-81B2-4D6C-8BFF-83A60F9B4215}.Debug|Any CPU.Build.0 = Debug|Any CPU
		{F6A48FB3-81B2-4D6C-8BFF-83A60F9B4215}.Release|Any CPU.ActiveCfg = Release|Any CPU
		{F6A48FB3-81B2-4D6C-8BFF-83A60F9B4215}.Release|Any CPU.Build.0 = Release|Any CPU
	EndGlobalSection
	GlobalSection(SolutionProperties) = preSolution
		HideSolutionNode = FALSE
	EndGlobalSection
	GlobalSection(ExtensibilityGlobals) = postSolution
		SolutionGuid = {B2C08EA8-3ACD-4E85-B120-97114F7A3A59}
	EndGlobalSection
EndGlobal
